
Microsoft Visual Studio Solution File, Format Version 12.00
# Visual Studio Version 16
VisualStudioVersion = 16.0.31410.357
MinimumVisualStudioVersion = 10.0.40219.1
Project("{FAE04EC0-301F-11D3-BF4B-00C04F79EFBC}") = "PlantShop", "PlantShop\PlantShop.csproj", "{53B100E6-423D-4362-A6E7-95F87379264F}"
EndProject
Global
	GlobalSection(SolutionConfigurationPlatforms) = preSolution
		Debug|Any CPU = Debug|Any CPU
		Release|Any CPU = Release|Any CPU
	EndGlobalSection
	GlobalSection(ProjectConfigurationPlatforms) = postSolution
		{53B100E6-423D-4362-A6E7-95F87379264F}.Debug|Any CPU.ActiveCfg = Debug|Any CPU
		{53B100E6-423D-4362-A6E7-95F87379264F}.Debug|Any CPU.Build.0 = Debug|Any CPU
		{53B100E6-423D-4362-A6E7-95F87379264F}.Release|Any CPU.ActiveCfg = Release|Any CPU
		{53B100E6-423D-4362-A6E7-95F87379264F}.Release|Any CPU.Build.0 = Release|Any CPU
	EndGlobalSection
	GlobalSection(SolutionProperties) = preSolution
		HideSolutionNode = FALSE
	EndGlobalSection
	GlobalSection(ExtensibilityGlobals) = postSolution
		SolutionGuid = {357562E8-B919-446B-84C2-DB8682A3DC83}
	EndGlobalSection
EndGlobal
